
Microsoft Visual Studio Solution File, Format Version 12.00
# Visual Studio Version 17
VisualStudioVersion = 17.6.33815.320
MinimumVisualStudioVersion = 10.0.40219.1
Project("{FAE04EC0-301F-11D3-BF4B-00C04F79EFBC}") = "mp3.mvc", "mp3.mvc.csproj", "{BDBCB42C-A5FD-4721-9416-8513CBA91A4C}"
EndProject
Global
	GlobalSection(SolutionConfigurationPlatforms) = preSolution
		Debug|Any CPU = Debug|Any CPU
		Release|Any CPU = Release|Any CPU
	EndGlobalSection
	GlobalSection(ProjectConfigurationPlatforms) = postSolution
		{BDBCB42C-A5FD-4721-9416-8513CBA91A4C}.Debug|Any CPU.ActiveCfg = Debug|Any CPU
		{BDBCB42C-A5FD-4721-9416-8513CBA91A4C}.Debug|Any CPU.Build.0 = Debug|Any CPU
		{BDBCB42C-A5FD-4721-9416-8513CBA91A4C}.Release|Any CPU.ActiveCfg = Release|Any CPU
		{BDBCB42C-A5FD-4721-9416-8513CBA91A4C}.Release|Any CPU.Build.0 = Release|Any CPU
	EndGlobalSection
	GlobalSection(SolutionProperties) = preSolution
		HideSolutionNode = FALSE
	EndGlobalSection
	GlobalSection(ExtensibilityGlobals) = postSolution
		SolutionGuid = {A97DBE4F-3B4F-412B-AA1E-5938A88C191C}
	EndGlobalSection
EndGlobal
